
Microsoft Visual Studio Solution File, Format Version 12.00
Project("{FAE04EC0-301F-11D3-BF4B-00C04F79EFBC}") = "TreeViewManually", "TreeViewManually\TreeViewManually.csproj", "{474478B9-8DE3-446F-84B2-D793BABD0BD5}"
EndProject
Global
	GlobalSection(SolutionConfigurationPlatforms) = preSolution
		Debug|Any CPU = Debug|Any CPU
		Release|Any CPU = Release|Any CPU
	EndGlobalSection
	GlobalSection(ProjectConfigurationPlatforms) = postSolution
		{474478B9-8DE3-446F-84B2-D793BABD0BD5}.Debug|Any CPU.ActiveCfg = Debug|Any CPU
		{474478B9-8DE3-446F-84B2-D793BABD0BD5}.Debug|Any CPU.Build.0 = Debug|Any CPU
		{474478B9-8DE3-446F-84B2-D793BABD0BD5}.Release|Any CPU.ActiveCfg = Release|Any CPU
		{474478B9-8DE3-446F-84B2-D793BABD0BD5}.Release|Any CPU.Build.0 = Release|Any CPU
	EndGlobalSection
EndGlobal
